
Microsoft Visual Studio Solution File, Format Version 12.00
# Visual Studio 15
VisualStudioVersion = 15.0.27130.2020
MinimumVisualStudioVersion = 10.0.40219.1
Project("{FAE04EC0-301F-11D3-BF4B-00C04F79EFBC}") = "InfiniteAsyncSourceSingleThreadSample", "InfiniteAsyncSourceSingleThreadSample.csproj", "{116C5959-8E5D-493A-ABFC-FD4373C37D66}"
EndProject
Global
	GlobalSection(SolutionConfigurationPlatforms) = preSolution
		Debug|Any CPU = Debug|Any CPU
		Release|Any CPU = Release|Any CPU
	EndGlobalSection
	GlobalSection(ProjectConfigurationPlatforms) = postSolution
		{116C5959-8E5D-493A-ABFC-FD4373C37D66}.Debug|Any CPU.ActiveCfg = Debug|Any CPU
		{116C5959-8E5D-493A-ABFC-FD4373C37D66}.Debug|Any CPU.Build.0 = Debug|Any CPU
		{116C5959-8E5D-493A-ABFC-FD4373C37D66}.Release|Any CPU.ActiveCfg = Release|Any CPU
		{116C5959-8E5D-493A-ABFC-FD4373C37D66}.Release|Any CPU.Build.0 = Release|Any CPU
	EndGlobalSection
	GlobalSection(SolutionProperties) = preSolution
		HideSolutionNode = FALSE
	EndGlobalSection
	GlobalSection(ExtensibilityGlobals) = postSolution
		SolutionGuid = {8EBD94F8-21B6-49C9-8B8B-F61A486496E0}
	EndGlobalSection
EndGlobal
